<?xml version="1.0" encoding="utf-8"?>
<Project ToolsVersion="4.0" xmlns="http://schemas.microsoft.com/developer/msbuild/2003">
  <ItemGroup>
    <Filter Include="原始程式檔">
      <UniqueIdentifier>{4FC737F1-C7A5-4376-A066-2A32D752A2FF}</UniqueIdentifier>
      <Extensions>cpp;c;cc;cxx;def;odl;idl;hpj;bat;asm;asmx</Extensions>
    </Filter>
    <Filter Include="標頭檔">
      <UniqueIdentifier>{93995380-89BD-4b04-88EB-625FBE52EBFB}</UniqueIdentifier>
      <Extensions>h;hpp;hxx;hm;inl;inc;xsd</Extensions>
    </Filter>
    <Filter Include="資源檔">
      <UniqueIdentifier>{67DA6AB6-F800-4c08-8B7A-83BB121AAD01}</UniqueIdentifier>
      <Extensions>rc;ico;cur;bmp;dlg;rc2;rct;bin;rgs;gif;jpg;jpeg;jpe;resx;tiff;tif;png;wav;mfcribbon-ms</Extensions>
    </Filter>
    <Filter Include="Impl">
      <UniqueIdentifier>{40b1ee81-911e-415a-8261-d5df6247d200}</UniqueIdentifier>
    </Filter>
    <Filter Include="LC898123">
      <UniqueIdentifier>{af89eb00-cbb0-46af-a590-2319cc8d4683}</UniqueIdentifier>
    </Filter>
    <Filter Include="VirtualOIS">
      <UniqueIdentifier>{4426b13f-7ee0-4c4d-abed-6c00983b2805}</UniqueIdentifier>
    </Filter>
  </ItemGroup>
  <ItemGroup>
    <None Include="ReadMe.txt" />
    <None Include="UTS_OIS.def">
      <Filter>原始程式檔</Filter>
    </None>
    <None Include="res\UTS_OIS.rc2">
      <Filter>資源檔</Filter>
    </None>
  </ItemGroup>
  <ItemGroup>
    <ClCompile Include="UTS_OIS.cpp">
      <Filter>原始程式檔</Filter>
    </ClCompile>
    <ClCompile Include="stdafx.cpp">
      <Filter>原始程式檔</Filter>
    </ClCompile>
    <ClCompile Include="OISControl.cpp">
      <Filter>Impl</Filter>
    </ClCompile>
    <ClCompile Include="OISDriver\OnSemi_LC898123\OnSemi_LC898123.cpp">
      <Filter>LC898123</Filter>
    </ClCompile>
    <ClCompile Include="OISDriver\VirtualOIS\VirtualOIS.cpp">
      <Filter>VirtualOIS</Filter>
    </ClCompile>
    <ClCompile Include="OISDriver\OnSemi_LC898123\OisCmd.cpp">
      <Filter>LC898123</Filter>
    </ClCompile>
    <ClCompile Include="OISDriver\OnSemi_LC898123\OisFRA.cpp">
      <Filter>LC898123</Filter>
    </ClCompile>
    <ClCompile Include="OISDriver\OnSemi_LC898123\FlsCmd.cpp">
      <Filter>LC898123</Filter>
    </ClCompile>
    <ClCompile Include="OISDriver\OnSemi_LC898123\FlsDownload_HOLITECH.cpp">
      <Filter>LC898123</Filter>
    </ClCompile>
    <ClCompile Include="OISDriver\OnSemi_LC898123\Accuracy.cpp">
      <Filter>LC898123</Filter>
    </ClCompile>
  </ItemGroup>
  <ItemGroup>
    <ClInclude Include="UTS_OIS.h">
      <Filter>標頭檔</Filter>
    </ClInclude>
    <ClInclude Include="stdafx.h">
      <Filter>標頭檔</Filter>
    </ClInclude>
    <ClInclude Include="targetver.h">
      <Filter>標頭檔</Filter>
    </ClInclude>
    <ClInclude Include="Resource.h">
      <Filter>標頭檔</Filter>
    </ClInclude>
    <ClInclude Include="OISControl.h">
      <Filter>Impl</Filter>
    </ClInclude>
    <ClInclude Include="OISDriver\OnSemi_LC898123\OnSemi_LC898123.h">
      <Filter>LC898123</Filter>
    </ClInclude>
    <ClInclude Include="OISDriver\VirtualOIS\VirtualOIS.h">
      <Filter>VirtualOIS</Filter>
    </ClInclude>
    <ClInclude Include="OISDriver\OnSemi_LC898123\FromCode_05_00.h">
      <Filter>LC898123</Filter>
    </ClInclude>
    <ClInclude Include="OISDriver\OnSemi_LC898123\FromCode_05_01.h">
      <Filter>LC898123</Filter>
    </ClInclude>
    <ClInclude Include="OISDriver\OnSemi_LC898123\Ois.h">
      <Filter>LC898123</Filter>
    </ClInclude>
    <ClInclude Include="OISDriver\OnSemi_LC898123\OisAPI.h">
      <Filter>LC898123</Filter>
    </ClInclude>
    <ClInclude Include="OISDriver\OnSemi_LC898123\OisFRA.h">
      <Filter>LC898123</Filter>
    </ClInclude>
    <ClInclude Include="OISDriver\OnSemi_LC898123\OisLc898123F40.h">
      <Filter>LC898123</Filter>
    </ClInclude>
    <ClInclude Include="OISDriver\OnSemi_LC898123\MeasurementLibrary.h">
      <Filter>LC898123</Filter>
    </ClInclude>
    <ClInclude Include="OISDriver\OnSemi_LC898123\FromCode_14_10.h">
      <Filter>LC898123</Filter>
    </ClInclude>
  </ItemGroup>
  <ItemGroup>
    <ResourceCompile Include="UTS_OIS.rc">
      <Filter>資源檔</Filter>
    </ResourceCompile>
  </ItemGroup>
</Project>