<?xml version="1.0" encoding="utf-8"?>
<Project ToolsVersion="4.0" xmlns="http://schemas.microsoft.com/developer/msbuild/2003">
  <ItemGroup>
    <Filter Include="资源文件">
      <UniqueIdentifier>{67DA6AB6-F800-4c08-8B7A-83BB121AAD01}</UniqueIdentifier>
      <Extensions>rc;ico;cur;bmp;dlg;rc2;rct;bin;rgs;gif;jpg;jpeg;jpe;resx;tiff;tif;png;wav;mfcribbon-ms</Extensions>
    </Filter>
    <Filter Include="Impl">
      <UniqueIdentifier>{9e46630d-026e-42fd-8ce4-5ad64e1f6eb0}</UniqueIdentifier>
    </Filter>
    <Filter Include="Other">
      <UniqueIdentifier>{d58fc698-0fd3-4e05-9a43-0789ccf20c1d}</UniqueIdentifier>
    </Filter>
  </ItemGroup>
  <ItemGroup>
    <None Include="UTOP_MES_SnSensorId.def">
      <Filter>Other</Filter>
    </None>
    <None Include="res\UTOP_MES_SnSensorId.rc2">
      <Filter>资源文件</Filter>
    </None>
    <None Include="MESDLL.tlb" />
  </ItemGroup>
  <ItemGroup>
    <ClCompile Include="stdafx.cpp">
      <Filter>Other</Filter>
    </ClCompile>
    <ClCompile Include="ImplOperator.cpp">
      <Filter>Impl</Filter>
    </ClCompile>
    <ClCompile Include="UTOP_MES_SnSensorId.cpp">
      <Filter>Other</Filter>
    </ClCompile>
  </ItemGroup>
  <ItemGroup>
    <ClInclude Include="Resource.h">
      <Filter>Other</Filter>
    </ClInclude>
    <ClInclude Include="stdafx.h">
      <Filter>Other</Filter>
    </ClInclude>
    <ClInclude Include="targetver.h">
      <Filter>Other</Filter>
    </ClInclude>
    <ClInclude Include="ImplOperator.h">
      <Filter>Impl</Filter>
    </ClInclude>
    <ClInclude Include="UTOP_MES_SnSensorId.h">
      <Filter>Other</Filter>
    </ClInclude>
  </ItemGroup>
  <ItemGroup>
    <ResourceCompile Include="UTOP_MES_SnSensorId.rc">
      <Filter>资源文件</Filter>
    </ResourceCompile>
  </ItemGroup>
</Project>