
Microsoft Visual Studio Solution File, Format Version 11.00
# Visual Studio 2010
Project("{8BC9CEB8-8B4A-11D0-8D11-00A0C91BC942}") = "UTSBase", "UTSBase\UTSBase.vcxproj", "{F348BD7A-C0E9-4869-94E2-5DA4CB3C8C04}"
EndProject
Project("{8BC9CEB8-8B4A-11D0-8D11-00A0C91BC942}") = "UTSMain", "UTSMain\UTSMain.vcxproj", "{FEED0926-5085-427D-98FD-8EB929C47101}"
	ProjectSection(ProjectDependencies) = postProject
		{F348BD7A-C0E9-4869-94E2-5DA4CB3C8C04} = {F348BD7A-C0E9-4869-94E2-5DA4CB3C8C04}
		{79A5D48B-84EF-4ADB-A99E-091433C882C3} = {79A5D48B-84EF-4ADB-A99E-091433C882C3}
	EndProjectSection
EndProject
Project("{8BC9CEB8-8B4A-11D0-8D11-00A0C91BC942}") = "UTSFramework", "UTSFramework\UTSFramework.vcxproj", "{79A5D48B-84EF-4ADB-A99E-091433C882C3}"
	ProjectSection(ProjectDependencies) = postProject
		{F348BD7A-C0E9-4869-94E2-5DA4CB3C8C04} = {F348BD7A-C0E9-4869-94E2-5DA4CB3C8C04}
	EndProjectSection
EndProject
Project("{8BC9CEB8-8B4A-11D0-8D11-00A0C91BC942}") = "UTDV_V5U", "UTDV_V5U\UTDV_V5U.vcxproj", "{1278D5F2-43A3-432F-8E99-F86104FFE180}"
	ProjectSection(ProjectDependencies) = postProject
		{F348BD7A-C0E9-4869-94E2-5DA4CB3C8C04} = {F348BD7A-C0E9-4869-94E2-5DA4CB3C8C04}
		{9D798086-5B26-4C14-B2D6-591A7B4514E5} = {9D798086-5B26-4C14-B2D6-591A7B4514E5}
		{79A5D48B-84EF-4ADB-A99E-091433C882C3} = {79A5D48B-84EF-4ADB-A99E-091433C882C3}
		{C20584D5-C4D1-499E-8916-F09FB70F1316} = {C20584D5-C4D1-499E-8916-F09FB70F1316}
	EndProjectSection
EndProject
Project("{8BC9CEB8-8B4A-11D0-8D11-00A0C91BC942}") = "UTDV_UVC", "UTDV_UVC\UTDV_UVC.vcxproj", "{4652A09D-11CB-41ED-A915-5D1BDB365DF7}"
	ProjectSection(ProjectDependencies) = postProject
		{F348BD7A-C0E9-4869-94E2-5DA4CB3C8C04} = {F348BD7A-C0E9-4869-94E2-5DA4CB3C8C04}
		{79A5D48B-84EF-4ADB-A99E-091433C882C3} = {79A5D48B-84EF-4ADB-A99E-091433C882C3}
		{C20584D5-C4D1-499E-8916-F09FB70F1316} = {C20584D5-C4D1-499E-8916-F09FB70F1316}
	EndProjectSection
EndProject
Project("{8BC9CEB8-8B4A-11D0-8D11-00A0C91BC942}") = "UTDV_File", "UTDV_File\UTDV_File.vcxproj", "{FC77FC65-1F47-42F9-BE4F-489CBCDF7BF4}"
	ProjectSection(ProjectDependencies) = postProject
		{F348BD7A-C0E9-4869-94E2-5DA4CB3C8C04} = {F348BD7A-C0E9-4869-94E2-5DA4CB3C8C04}
		{79A5D48B-84EF-4ADB-A99E-091433C882C3} = {79A5D48B-84EF-4ADB-A99E-091433C882C3}
		{C20584D5-C4D1-499E-8916-F09FB70F1316} = {C20584D5-C4D1-499E-8916-F09FB70F1316}
	EndProjectSection
EndProject
Project("{8BC9CEB8-8B4A-11D0-8D11-00A0C91BC942}") = "UTSAlgorithm", "UTSAlgorithm\UTSAlgorithm.vcxproj", "{C20584D5-C4D1-499E-8916-F09FB70F1316}"
	ProjectSection(ProjectDependencies) = postProject
		{F348BD7A-C0E9-4869-94E2-5DA4CB3C8C04} = {F348BD7A-C0E9-4869-94E2-5DA4CB3C8C04}
		{79A5D48B-84EF-4ADB-A99E-091433C882C3} = {79A5D48B-84EF-4ADB-A99E-091433C882C3}
	EndProjectSection
EndProject
Project("{8BC9CEB8-8B4A-11D0-8D11-00A0C91BC942}") = "UTSLauncher", "UTSLauncher\UTSLauncher.vcxproj", "{DFF3C430-B1DC-487E-B4D0-110D5C4F4505}"
	ProjectSection(ProjectDependencies) = postProject
		{F348BD7A-C0E9-4869-94E2-5DA4CB3C8C04} = {F348BD7A-C0E9-4869-94E2-5DA4CB3C8C04}
		{79A5D48B-84EF-4ADB-A99E-091433C882C3} = {79A5D48B-84EF-4ADB-A99E-091433C882C3}
	EndProjectSection
EndProject
Project("{8BC9CEB8-8B4A-11D0-8D11-00A0C91BC942}") = "UTS_VCM", "UTS_VCM\UTS_VCM.vcxproj", "{9D798086-5B26-4C14-B2D6-591A7B4514E5}"
	ProjectSection(ProjectDependencies) = postProject
		{F348BD7A-C0E9-4869-94E2-5DA4CB3C8C04} = {F348BD7A-C0E9-4869-94E2-5DA4CB3C8C04}
		{6956EF85-4EAA-4929-B098-299E0CC98AA4} = {6956EF85-4EAA-4929-B098-299E0CC98AA4}
		{79A5D48B-84EF-4ADB-A99E-091433C882C3} = {79A5D48B-84EF-4ADB-A99E-091433C882C3}
		{2F5102F9-EAAD-4B17-A7E0-466216492764} = {2F5102F9-EAAD-4B17-A7E0-466216492764}
	EndProjectSection
EndProject
Project("{2150E333-8FDC-42A3-9474-1A3956D46DE8}") = "Device", "Device", "{CC9B1258-5914-4D24-8025-F55D4434942E}"
EndProject
Project("{2150E333-8FDC-42A3-9474-1A3956D46DE8}") = "Algorithm", "Algorithm", "{C27FE318-0721-4E7D-8A53-299FA0B6E12C}"
EndProject
Project("{8BC9CEB8-8B4A-11D0-8D11-00A0C91BC942}") = "UTS_Sensor", "UTS_Sensor\UTS_Sensor.vcxproj", "{6956EF85-4EAA-4929-B098-299E0CC98AA4}"
	ProjectSection(ProjectDependencies) = postProject
		{F348BD7A-C0E9-4869-94E2-5DA4CB3C8C04} = {F348BD7A-C0E9-4869-94E2-5DA4CB3C8C04}
		{79A5D48B-84EF-4ADB-A99E-091433C882C3} = {79A5D48B-84EF-4ADB-A99E-091433C882C3}
	EndProjectSection
EndProject
Project("{8BC9CEB8-8B4A-11D0-8D11-00A0C91BC942}") = "UTS_EEProm", "UTS_EEProm\UTS_EEProm.vcxproj", "{218504E8-A1B7-42DF-A057-C577F7870304}"
	ProjectSection(ProjectDependencies) = postProject
		{79A5D48B-84EF-4ADB-A99E-091433C882C3} = {79A5D48B-84EF-4ADB-A99E-091433C882C3}
	EndProjectSection
EndProject
Project("{8BC9CEB8-8B4A-11D0-8D11-00A0C91BC942}") = "UTS_OIS", "UTS_OIS\UTS_OIS.vcxproj", "{2F5102F9-EAAD-4B17-A7E0-466216492764}"
	ProjectSection(ProjectDependencies) = postProject
		{6956EF85-4EAA-4929-B098-299E0CC98AA4} = {6956EF85-4EAA-4929-B098-299E0CC98AA4}
		{79A5D48B-84EF-4ADB-A99E-091433C882C3} = {79A5D48B-84EF-4ADB-A99E-091433C882C3}
	EndProjectSection
EndProject
Project("{8BC9CEB8-8B4A-11D0-8D11-00A0C91BC942}") = "UTTL_EEAIF", "UTTL_EEAIF\UTTL_EEAIF.vcxproj", "{2C4B4CAA-1A60-452E-838E-6949CA4DD7EB}"
EndProject
Global
	GlobalSection(SolutionConfigurationPlatforms) = preSolution
		Debug|Mixed Platforms = Debug|Mixed Platforms
		Debug|Win32 = Debug|Win32
		Debug|x86 = Debug|x86
		Release|Mixed Platforms = Release|Mixed Platforms
		Release|Win32 = Release|Win32
		Release|x86 = Release|x86
	EndGlobalSection
	GlobalSection(ProjectConfigurationPlatforms) = postSolution
		{F348BD7A-C0E9-4869-94E2-5DA4CB3C8C04}.Debug|Mixed Platforms.ActiveCfg = Debug|Win32
		{F348BD7A-C0E9-4869-94E2-5DA4CB3C8C04}.Debug|Mixed Platforms.Build.0 = Debug|Win32
		{F348BD7A-C0E9-4869-94E2-5DA4CB3C8C04}.Debug|Win32.ActiveCfg = Debug|Win32
		{F348BD7A-C0E9-4869-94E2-5DA4CB3C8C04}.Debug|Win32.Build.0 = Debug|Win32
		{F348BD7A-C0E9-4869-94E2-5DA4CB3C8C04}.Debug|x86.ActiveCfg = Debug|Win32
		{F348BD7A-C0E9-4869-94E2-5DA4CB3C8C04}.Release|Mixed Platforms.ActiveCfg = Release|Win32
		{F348BD7A-C0E9-4869-94E2-5DA4CB3C8C04}.Release|Mixed Platforms.Build.0 = Release|Win32
		{F348BD7A-C0E9-4869-94E2-5DA4CB3C8C04}.Release|Win32.ActiveCfg = Release|Win32
		{F348BD7A-C0E9-4869-94E2-5DA4CB3C8C04}.Release|Win32.Build.0 = Release|Win32
		{F348BD7A-C0E9-4869-94E2-5DA4CB3C8C04}.Release|x86.ActiveCfg = Release|Win32
		{FEED0926-5085-427D-98FD-8EB929C47101}.Debug|Mixed Platforms.ActiveCfg = Debug|Win32
		{FEED0926-5085-427D-98FD-8EB929C47101}.Debug|Mixed Platforms.Build.0 = Debug|Win32
		{FEED0926-5085-427D-98FD-8EB929C47101}.Debug|Win32.ActiveCfg = Debug|Win32
		{FEED0926-5085-427D-98FD-8EB929C47101}.Debug|Win32.Build.0 = Debug|Win32
		{FEED0926-5085-427D-98FD-8EB929C47101}.Debug|x86.ActiveCfg = Debug|Win32
		{FEED0926-5085-427D-98FD-8EB929C47101}.Release|Mixed Platforms.ActiveCfg = Release|Win32
		{FEED0926-5085-427D-98FD-8EB929C47101}.Release|Mixed Platforms.Build.0 = Release|Win32
		{FEED0926-5085-427D-98FD-8EB929C47101}.Release|Win32.ActiveCfg = Release|Win32
		{FEED0926-5085-427D-98FD-8EB929C47101}.Release|Win32.Build.0 = Release|Win32
		{FEED0926-5085-427D-98FD-8EB929C47101}.Release|x86.ActiveCfg = Release|Win32
		{79A5D48B-84EF-4ADB-A99E-091433C882C3}.Debug|Mixed Platforms.ActiveCfg = Debug|Win32
		{79A5D48B-84EF-4ADB-A99E-091433C882C3}.Debug|Mixed Platforms.Build.0 = Debug|Win32
		{79A5D48B-84EF-4ADB-A99E-091433C882C3}.Debug|Win32.ActiveCfg = Debug|Win32
		{79A5D48B-84EF-4ADB-A99E-091433C882C3}.Debug|Win32.Build.0 = Debug|Win32
		{79A5D48B-84EF-4ADB-A99E-091433C882C3}.Debug|x86.ActiveCfg = Debug|Win32
		{79A5D48B-84EF-4ADB-A99E-091433C882C3}.Release|Mixed Platforms.ActiveCfg = Release|Win32
		{79A5D48B-84EF-4ADB-A99E-091433C882C3}.Release|Mixed Platforms.Build.0 = Release|Win32
		{79A5D48B-84EF-4ADB-A99E-091433C882C3}.Release|Win32.ActiveCfg = Release|Win32
		{79A5D48B-84EF-4ADB-A99E-091433C882C3}.Release|Win32.Build.0 = Release|Win32
		{79A5D48B-84EF-4ADB-A99E-091433C882C3}.Release|x86.ActiveCfg = Release|Win32
		{1278D5F2-43A3-432F-8E99-F86104FFE180}.Debug|Mixed Platforms.ActiveCfg = Debug|Win32
		{1278D5F2-43A3-432F-8E99-F86104FFE180}.Debug|Mixed Platforms.Build.0 = Debug|Win32
		{1278D5F2-43A3-432F-8E99-F86104FFE180}.Debug|Win32.ActiveCfg = Debug|Win32
		{1278D5F2-43A3-432F-8E99-F86104FFE180}.Debug|Win32.Build.0 = Debug|Win32
		{1278D5F2-43A3-432F-8E99-F86104FFE180}.Debug|x86.ActiveCfg = Debug|Win32
		{1278D5F2-43A3-432F-8E99-F86104FFE180}.Release|Mixed Platforms.ActiveCfg = Release|Win32
		{1278D5F2-43A3-432F-8E99-F86104FFE180}.Release|Mixed Platforms.Build.0 = Release|Win32
		{1278D5F2-43A3-432F-8E99-F86104FFE180}.Release|Win32.ActiveCfg = Release|Win32
		{1278D5F2-43A3-432F-8E99-F86104FFE180}.Release|Win32.Build.0 = Release|Win32
		{1278D5F2-43A3-432F-8E99-F86104FFE180}.Release|x86.ActiveCfg = Release|Win32
		{4652A09D-11CB-41ED-A915-5D1BDB365DF7}.Debug|Mixed Platforms.ActiveCfg = Debug|Win32
		{4652A09D-11CB-41ED-A915-5D1BDB365DF7}.Debug|Mixed Platforms.Build.0 = Debug|Win32
		{4652A09D-11CB-41ED-A915-5D1BDB365DF7}.Debug|Win32.ActiveCfg = Debug|Win32
		{4652A09D-11CB-41ED-A915-5D1BDB365DF7}.Debug|Win32.Build.0 = Debug|Win32
		{4652A09D-11CB-41ED-A915-5D1BDB365DF7}.Debug|x86.ActiveCfg = Debug|Win32
		{4652A09D-11CB-41ED-A915-5D1BDB365DF7}.Release|Mixed Platforms.ActiveCfg = Release|Win32
		{4652A09D-11CB-41ED-A915-5D1BDB365DF7}.Release|Mixed Platforms.Build.0 = Release|Win32
		{4652A09D-11CB-41ED-A915-5D1BDB365DF7}.Release|Win32.ActiveCfg = Release|Win32
		{4652A09D-11CB-41ED-A915-5D1BDB365DF7}.Release|Win32.Build.0 = Release|Win32
		{4652A09D-11CB-41ED-A915-5D1BDB365DF7}.Release|x86.ActiveCfg = Release|Win32
		{FC77FC65-1F47-42F9-BE4F-489CBCDF7BF4}.Debug|Mixed Platforms.ActiveCfg = Debug|Win32
		{FC77FC65-1F47-42F9-BE4F-489CBCDF7BF4}.Debug|Mixed Platforms.Build.0 = Debug|Win32
		{FC77FC65-1F47-42F9-BE4F-489CBCDF7BF4}.Debug|Win32.ActiveCfg = Debug|Win32
		{FC77FC65-1F47-42F9-BE4F-489CBCDF7BF4}.Debug|Win32.Build.0 = Debug|Win32
		{FC77FC65-1F47-42F9-BE4F-489CBCDF7BF4}.Debug|x86.ActiveCfg = Debug|Win32
		{FC77FC65-1F47-42F9-BE4F-489CBCDF7BF4}.Release|Mixed Platforms.ActiveCfg = Release|Win32
		{FC77FC65-1F47-42F9-BE4F-489CBCDF7BF4}.Release|Mixed Platforms.Build.0 = Release|Win32
		{FC77FC65-1F47-42F9-BE4F-489CBCDF7BF4}.Release|Win32.ActiveCfg = Release|Win32
		{FC77FC65-1F47-42F9-BE4F-489CBCDF7BF4}.Release|Win32.Build.0 = Release|Win32
		{FC77FC65-1F47-42F9-BE4F-489CBCDF7BF4}.Release|x86.ActiveCfg = Release|Win32
		{C20584D5-C4D1-499E-8916-F09FB70F1316}.Debug|Mixed Platforms.ActiveCfg = Debug|Win32
		{C20584D5-C4D1-499E-8916-F09FB70F1316}.Debug|Mixed Platforms.Build.0 = Debug|Win32
		{C20584D5-C4D1-499E-8916-F09FB70F1316}.Debug|Win32.ActiveCfg = Debug|Win32
		{C20584D5-C4D1-499E-8916-F09FB70F1316}.Debug|Win32.Build.0 = Debug|Win32
		{C20584D5-C4D1-499E-8916-F09FB70F1316}.Debug|x86.ActiveCfg = Debug|Win32
		{C20584D5-C4D1-499E-8916-F09FB70F1316}.Release|Mixed Platforms.ActiveCfg = Release|Win32
		{C20584D5-C4D1-499E-8916-F09FB70F1316}.Release|Mixed Platforms.Build.0 = Release|Win32
		{C20584D5-C4D1-499E-8916-F09FB70F1316}.Release|Win32.ActiveCfg = Release|Win32
		{C20584D5-C4D1-499E-8916-F09FB70F1316}.Release|Win32.Build.0 = Release|Win32
		{C20584D5-C4D1-499E-8916-F09FB70F1316}.Release|x86.ActiveCfg = Release|Win32
		{DFF3C430-B1DC-487E-B4D0-110D5C4F4505}.Debug|Mixed Platforms.ActiveCfg = Debug|Win32
		{DFF3C430-B1DC-487E-B4D0-110D5C4F4505}.Debug|Mixed Platforms.Build.0 = Debug|Win32
		{DFF3C430-B1DC-487E-B4D0-110D5C4F4505}.Debug|Win32.ActiveCfg = Debug|Win32
		{DFF3C430-B1DC-487E-B4D0-110D5C4F4505}.Debug|Win32.Build.0 = Debug|Win32
		{DFF3C430-B1DC-487E-B4D0-110D5C4F4505}.Debug|x86.ActiveCfg = Debug|Win32
		{DFF3C430-B1DC-487E-B4D0-110D5C4F4505}.Release|Mixed Platforms.ActiveCfg = Release|Win32
		{DFF3C430-B1DC-487E-B4D0-110D5C4F4505}.Release|Mixed Platforms.Build.0 = Release|Win32
		{DFF3C430-B1DC-487E-B4D0-110D5C4F4505}.Release|Win32.ActiveCfg = Release|Win32
		{DFF3C430-B1DC-487E-B4D0-110D5C4F4505}.Release|Win32.Build.0 = Release|Win32
		{DFF3C430-B1DC-487E-B4D0-110D5C4F4505}.Release|x86.ActiveCfg = Release|Win32
		{9D798086-5B26-4C14-B2D6-591A7B4514E5}.Debug|Mixed Platforms.ActiveCfg = Debug|Win32
		{9D798086-5B26-4C14-B2D6-591A7B4514E5}.Debug|Mixed Platforms.Build.0 = Debug|Win32
		{9D798086-5B26-4C14-B2D6-591A7B4514E5}.Debug|Win32.ActiveCfg = Debug|Win32
		{9D798086-5B26-4C14-B2D6-591A7B4514E5}.Debug|Win32.Build.0 = Debug|Win32
		{9D798086-5B26-4C14-B2D6-591A7B4514E5}.Debug|x86.ActiveCfg = Debug|Win32
		{9D798086-5B26-4C14-B2D6-591A7B4514E5}.Release|Mixed Platforms.ActiveCfg = Release|Win32
		{9D798086-5B26-4C14-B2D6-591A7B4514E5}.Release|Mixed Platforms.Build.0 = Release|Win32
		{9D798086-5B26-4C14-B2D6-591A7B4514E5}.Release|Win32.ActiveCfg = Release|Win32
		{9D798086-5B26-4C14-B2D6-591A7B4514E5}.Release|Win32.Build.0 = Release|Win32
		{9D798086-5B26-4C14-B2D6-591A7B4514E5}.Release|x86.ActiveCfg = Release|Win32
		{6956EF85-4EAA-4929-B098-299E0CC98AA4}.Debug|Mixed Platforms.ActiveCfg = Debug|Win32
		{6956EF85-4EAA-4929-B098-299E0CC98AA4}.Debug|Mixed Platforms.Build.0 = Debug|Win32
		{6956EF85-4EAA-4929-B098-299E0CC98AA4}.Debug|Win32.ActiveCfg = Debug|Win32
		{6956EF85-4EAA-4929-B098-299E0CC98AA4}.Debug|Win32.Build.0 = Debug|Win32
		{6956EF85-4EAA-4929-B098-299E0CC98AA4}.Debug|x86.ActiveCfg = Debug|Win32
		{6956EF85-4EAA-4929-B098-299E0CC98AA4}.Release|Mixed Platforms.ActiveCfg = Release|Win32
		{6956EF85-4EAA-4929-B098-299E0CC98AA4}.Release|Mixed Platforms.Build.0 = Release|Win32
		{6956EF85-4EAA-4929-B098-299E0CC98AA4}.Release|Win32.ActiveCfg = Release|Win32
		{6956EF85-4EAA-4929-B098-299E0CC98AA4}.Release|Win32.Build.0 = Release|Win32
		{6956EF85-4EAA-4929-B098-299E0CC98AA4}.Release|x86.ActiveCfg = Release|Win32
		{218504E8-A1B7-42DF-A057-C577F7870304}.Debug|Mixed Platforms.ActiveCfg = Debug|Win32
		{218504E8-A1B7-42DF-A057-C577F7870304}.Debug|Mixed Platforms.Build.0 = Debug|Win32
		{218504E8-A1B7-42DF-A057-C577F7870304}.Debug|Win32.ActiveCfg = Debug|Win32
		{218504E8-A1B7-42DF-A057-C577F7870304}.Debug|Win32.Build.0 = Debug|Win32
		{218504E8-A1B7-42DF-A057-C577F7870304}.Debug|x86.ActiveCfg = Debug|Win32
		{218504E8-A1B7-42DF-A057-C577F7870304}.Release|Mixed Platforms.ActiveCfg = Release|Win32
		{218504E8-A1B7-42DF-A057-C577F7870304}.Release|Mixed Platforms.Build.0 = Release|Win32
		{218504E8-A1B7-42DF-A057-C577F7870304}.Release|Win32.ActiveCfg = Release|Win32
		{218504E8-A1B7-42DF-A057-C577F7870304}.Release|Win32.Build.0 = Release|Win32
		{218504E8-A1B7-42DF-A057-C577F7870304}.Release|x86.ActiveCfg = Release|Win32
		{2F5102F9-EAAD-4B17-A7E0-466216492764}.Debug|Mixed Platforms.ActiveCfg = Debug|Win32
		{2F5102F9-EAAD-4B17-A7E0-466216492764}.Debug|Mixed Platforms.Build.0 = Debug|Win32
		{2F5102F9-EAAD-4B17-A7E0-466216492764}.Debug|Win32.ActiveCfg = Debug|Win32
		{2F5102F9-EAAD-4B17-A7E0-466216492764}.Debug|Win32.Build.0 = Debug|Win32
		{2F5102F9-EAAD-4B17-A7E0-466216492764}.Debug|x86.ActiveCfg = Debug|Win32
		{2F5102F9-EAAD-4B17-A7E0-466216492764}.Release|Mixed Platforms.ActiveCfg = Release|Win32
		{2F5102F9-EAAD-4B17-A7E0-466216492764}.Release|Mixed Platforms.Build.0 = Release|Win32
		{2F5102F9-EAAD-4B17-A7E0-466216492764}.Release|Win32.ActiveCfg = Release|Win32
		{2F5102F9-EAAD-4B17-A7E0-466216492764}.Release|Win32.Build.0 = Release|Win32
		{2F5102F9-EAAD-4B17-A7E0-466216492764}.Release|x86.ActiveCfg = Release|Win32
		{2C4B4CAA-1A60-452E-838E-6949CA4DD7EB}.Debug|Mixed Platforms.ActiveCfg = Debug|Win32
		{2C4B4CAA-1A60-452E-838E-6949CA4DD7EB}.Debug|Mixed Platforms.Build.0 = Debug|Win32
		{2C4B4CAA-1A60-452E-838E-6949CA4DD7EB}.Debug|Win32.ActiveCfg = Debug|Win32
		{2C4B4CAA-1A60-452E-838E-6949CA4DD7EB}.Debug|Win32.Build.0 = Debug|Win32
		{2C4B4CAA-1A60-452E-838E-6949CA4DD7EB}.Debug|x86.ActiveCfg = Debug|Win32
		{2C4B4CAA-1A60-452E-838E-6949CA4DD7EB}.Release|Mixed Platforms.ActiveCfg = Release|Win32
		{2C4B4CAA-1A60-452E-838E-6949CA4DD7EB}.Release|Mixed Platforms.Build.0 = Release|Win32
		{2C4B4CAA-1A60-452E-838E-6949CA4DD7EB}.Release|Win32.ActiveCfg = Release|Win32
		{2C4B4CAA-1A60-452E-838E-6949CA4DD7EB}.Release|Win32.Build.0 = Release|Win32
		{2C4B4CAA-1A60-452E-838E-6949CA4DD7EB}.Release|x86.ActiveCfg = Release|Win32
	EndGlobalSection
	GlobalSection(SolutionProperties) = preSolution
		HideSolutionNode = FALSE
	EndGlobalSection
	GlobalSection(NestedProjects) = preSolution
		{4652A09D-11CB-41ED-A915-5D1BDB365DF7} = {CC9B1258-5914-4D24-8025-F55D4434942E}
		{FC77FC65-1F47-42F9-BE4F-489CBCDF7BF4} = {CC9B1258-5914-4D24-8025-F55D4434942E}
		{9D798086-5B26-4C14-B2D6-591A7B4514E5} = {CC9B1258-5914-4D24-8025-F55D4434942E}
		{1278D5F2-43A3-432F-8E99-F86104FFE180} = {CC9B1258-5914-4D24-8025-F55D4434942E}
		{6956EF85-4EAA-4929-B098-299E0CC98AA4} = {CC9B1258-5914-4D24-8025-F55D4434942E}
		{218504E8-A1B7-42DF-A057-C577F7870304} = {CC9B1258-5914-4D24-8025-F55D4434942E}
		{2F5102F9-EAAD-4B17-A7E0-466216492764} = {CC9B1258-5914-4D24-8025-F55D4434942E}
		{C20584D5-C4D1-499E-8916-F09FB70F1316} = {C27FE318-0721-4E7D-8A53-299FA0B6E12C}
	EndGlobalSection
	GlobalSection(DPCodeReviewSolutionGUID) = preSolution
		DPCodeReviewSolutionGUID = {00000000-0000-0000-0000-000000000000}
	EndGlobalSection
	GlobalSection(DPCodeReviewSolutionGUID) = preSolution
		DPCodeReviewSolutionGUID = {00000000-0000-0000-0000-000000000000}
	EndGlobalSection
EndGlobal
