<?xml version="1.0" encoding="utf-8"?>
<Project ToolsVersion="4.0" xmlns="http://schemas.microsoft.com/developer/msbuild/2003">
  <ItemGroup>
    <Filter Include="资源文件">
      <UniqueIdentifier>{67DA6AB6-F800-4c08-8B7A-83BB121AAD01}</UniqueIdentifier>
      <Extensions>rc;ico;cur;bmp;dlg;rc2;rct;bin;rgs;gif;jpg;jpeg;jpe;resx;tiff;tif;png;wav;mfcribbon-ms</Extensions>
    </Filter>
    <Filter Include="Impl">
      <UniqueIdentifier>{eed26d23-000e-4dd4-a8c2-13c7afb68ec6}</UniqueIdentifier>
    </Filter>
    <Filter Include="Other">
      <UniqueIdentifier>{b1c16835-f6d7-4c85-9565-c1ad895b9988}</UniqueIdentifier>
    </Filter>
  </ItemGroup>
  <ItemGroup>
    <None Include="res\UTOP_ChangeEnv.rc2">
      <Filter>资源文件</Filter>
    </None>
    <None Include="UTOP_ChangeEnv.def">
      <Filter>Other</Filter>
    </None>
  </ItemGroup>
  <ItemGroup>
    <ClCompile Include="stdafx.cpp">
      <Filter>Other</Filter>
    </ClCompile>
    <ClCompile Include="UTOP_ChangeEnv.cpp">
      <Filter>Other</Filter>
    </ClCompile>
    <ClCompile Include="ImplOperator.cpp">
      <Filter>Impl</Filter>
    </ClCompile>
  </ItemGroup>
  <ItemGroup>
    <ClInclude Include="Resource.h">
      <Filter>Other</Filter>
    </ClInclude>
    <ClInclude Include="UTOP_ChangeEnv.h">
      <Filter>Other</Filter>
    </ClInclude>
    <ClInclude Include="stdafx.h">
      <Filter>Other</Filter>
    </ClInclude>
    <ClInclude Include="targetver.h">
      <Filter>Other</Filter>
    </ClInclude>
    <ClInclude Include="ImplOperator.h">
      <Filter>Impl</Filter>
    </ClInclude>
  </ItemGroup>
  <ItemGroup>
    <ResourceCompile Include="UTOP_ChangeEnv.rc">
      <Filter>资源文件</Filter>
    </ResourceCompile>
  </ItemGroup>
</Project>